Microsoft Visual Studio Solution File, Format Version 12.00
# Visual Studio Version 17
VisualStudioVersion = 17.9.34607.119
MinimumVisualStudioVersion = 16.0.0.0
Project("{FAE04EC0-301F-11D3-BF4B-00C04F79EFBC}") = "music-manager-starter.Server", "music-manager-starter.Server\music-manager-starter.Server.csproj", "{ECC432B4-2D38-4061-87CC-338DE4C0A429}"
EndProject
Project("{FAE04EC0-301F-11D3-BF4B-00C04F79EFBC}") = "music-manager-starter.Client", "music-manager-starter.Client\music-manager-starter.Client.csproj", "{4F2F598E-0ED0-494B-A19F-8A7D225B1042}"
EndProject
Project("{FAE04EC0-301F-11D3-BF4B-00C04F79EFBC}") = "music-manager-starter.Shared", "music-manager-starter.Shared\music-manager-starter.Shared.csproj", "{3E46195A-55E8-4B8E-B33A-286E9501314D}"
EndProject
Global
	GlobalSection(SolutionConfigurationPlatforms) = preSolution
		Debug|Any CPU = Debug|Any CPU
		Debug|x64 = Debug|x64
		Debug|x86 = Debug|x86
		Release|Any CPU = Release|Any CPU
		Release|x64 = Release|x64
		Release|x86 = Release|x86
	EndGlobalSection
	GlobalSection(ProjectConfigurationPlatforms) = postSolution
		{ECC432B4-2D38-4061-87CC-338DE4C0A429}.Debug|Any CPU.ActiveCfg = Debug|Any CPU
		{ECC432B4-2D38-4061-87CC-338DE4C0A429}.Debug|Any CPU.Build.0 = Debug|Any CPU
		{ECC432B4-2D38-4061-87CC-338DE4C0A429}.Debug|x64.ActiveCfg = Debug|x64
		{ECC432B4-2D38-4061-87CC-338DE4C0A429}.Debug|x64.Build.0 = Debug|x64
		{ECC432B4-2D38-4061-87CC-338DE4C0A429}.Debug|x86.ActiveCfg = Debug|x86
		{ECC432B4-2D38-4061-87CC-338DE4C0A429}.Debug|x86.Build.0 = Debug|x86
		{ECC432B4-2D38-4061-87CC-338DE4C0A429}.Release|Any CPU.ActiveCfg = Release|Any CPU
		{ECC432B4-2D38-4061-87CC-338DE4C0A429}.Release|Any CPU.Build.0 = Release|Any CPU
		{ECC432B4-2D38-4061-87CC-338DE4C0A429}.Release|x64.ActiveCfg = Release|x64
		{ECC432B4-2D38-4061-87CC-338DE4C0A429}.Release|x64.Build.0 = Release|x64
		{ECC432B4-2D38-4061-87CC-338DE4C0A429}.Release|x86.ActiveCfg = Release|x86
		{ECC432B4-2D38-4061-87CC-338DE4C0A429}.Release|x86.Build.0 = Release|x86
		{4F2F598E-0ED0-494B-A19F-8A7D225B1042}.Debug|Any CPU.ActiveCfg = Debug|Any CPU
		{4F2F598E-0ED0-494B-A19F-8A7D225B1042}.Debug|Any CPU.Build.0 = Debug|Any CPU
		{4F2F598E-0ED0-494B-A19F-8A7D225B1042}.Debug|x64.ActiveCfg = Debug|x64
		{4F2F598E-0ED0-494B-A19F-8A7D225B1042}.Debug|x64.Build.0 = Debug|x64
		{4F2F598E-0ED0-494B-A19F-8A7D225B1042}.Debug|x86.ActiveCfg = Debug|x86
		{4F2F598E-0ED0-494B-A19F-8A7D225B1042}.Debug|x86.Build.0 = Debug|x86
		{4F2F598E-0ED0-494B-A19F-8A7D225B1042}.Release|Any CPU.ActiveCfg = Release|Any CPU
		{4F2F598E-0ED0-494B-A19F-8A7D225B1042}.Release|Any CPU.Build.0 = Release|Any CPU
		{4F2F598E-0ED0-494B-A19F-8A7D225B1042}.Release|x64.ActiveCfg = Release|x64
		{4F2F598E-0ED0-494B-A19F-8A7D225B1042}.Release|x64.Build.0 = Release|x64
		{4F2F598E-0ED0-494B-A19F-8A7D225B1042}.Release|x86.ActiveCfg = Release|x86
		{4F2F598E-0ED0-494B-A19F-8A7D225B1042}.Release|x86.Build.0 = Release|x86
		{3E46195A-55E8-4B8E-B33A-286E9501314D}.Debug|Any CPU.ActiveCfg = Debug|Any CPU
		{3E46195A-55E8-4B8E-B33A-286E9501314D}.Debug|Any CPU.Build.0 = Debug|Any CPU
		{3E46195A-55E8-4B8E-B33A-286E9501314D}.Debug|x64.ActiveCfg = Debug|x64
		{3E46195A-55E8-4B8E-B33A-286E9501314D}.Debug|x64.Build.0 = Debug|x64
		{3E46195A-55E8-4B8E-B33A-286E9501314D}.Debug|x86.ActiveCfg = Debug|x86
		{3E46195A-55E8-4B8E-B33A-286E9501314D}.Debug|x86.Build.0 = Debug|x86
		{3E46195A-55E8-4B8E-B33A-286E9501314D}.Release|Any CPU.ActiveCfg = Release|Any CPU
		{3E46195A-55E8-4B8E-B33A-286E9501314D}.Release|Any CPU.Build.0 = Release|Any CPU
		{3E46195A-55E8-4B8E-B33A-286E9501314D}.Release|x64.ActiveCfg = Release|x64
		{3E46195A-55E8-4B8E-B33A-286E9501314D}.Release|x64.Build.0 = Release|x64
		{3E46195A-55E8-4B8E-B33A-286E9501314D}.Release|x86.ActiveCfg = Release|x86
		{3E46195A-55E8-4B8E-B33A-286E9501314D}.Release|x86.Build.0 = Release|x86
	EndGlobalSection
	GlobalSection(SolutionProperties) = preSolution
		HideSolutionNode = FALSE
	EndGlobalSection
	GlobalSection(ExtensibilityGlobals) = postSolution
		SolutionGuid = {93DD70B5-2EC7-45A6-A24D-0E30BA394789}
	EndGlobalSection
EndGlobal
